
Microsoft Visual Studio Solution File, Format Version 12.00
# Visual Studio Version 17
VisualStudioVersion = 17.5.33627.172
MinimumVisualStudioVersion = 10.0.40219.1
Project("{9A19103F-16F7-4668-BE54-9A1E7A4F7556}") = "Sutham-Connect4-Game", "Sutham-Connect4-Game\Sutham-Connect4-Game.csproj", "{A8F8A4D3-A0AD-409D-A365-1166E737EC65}"
EndProject
Project("{FAE04EC0-301F-11D3-BF4B-00C04F79EFBC}") = "Assignment_01_Starter", "..\..\Assignment01\Assignment_01_Starter\Assignment_01_Starter\Assignment_01_solution\Assignment_01_Starter.csproj", "{40762977-893C-49E9-AAC2-ADE584C39E0F}"
EndProject
Project("{9A19103F-16F7-4668-BE54-9A1E7A4F7556}") = "Assignment01Test", "..\..\Assignment01\Assignment_01_Starter\Assignment_01_Starter\Assignment01Test\Assignment01Test.csproj", "{E47F6F8E-9190-4863-BA1A-87AE243FC34F}"
EndProject
Project("{9A19103F-16F7-4668-BE54-9A1E7A4F7556}") = "GuesingGame", "..\..\GuesingGame\GuesingGame\GuesingGame.csproj", "{9B343CA4-46E1-4205-8C26-5D301CA449AA}"
EndProject
Project("{9A19103F-16F7-4668-BE54-9A1E7A4F7556}") = "GLA02-Sutham-445868", "..\..\GLA02\GLA02-Sutham-445868\GLA02-Sutham-445868\GLA02-Sutham-445868.csproj", "{BD233F0C-B599-4C2B-AF6B-BF5A189C147E}"
EndProject
Project("{9A19103F-16F7-4668-BE54-9A1E7A4F7556}") = "GLA01-Sutham-445868", "..\..\GLA01\GLA01-Sutham-445868\GLA01-Sutham-445868\GLA01-Sutham-445868.csproj", "{48B8A2E8-2FDA-4D17-951C-66C9272F76F9}"
EndProject
Project("{9A19103F-16F7-4668-BE54-9A1E7A4F7556}") = "GLA03-Sutham-445868", "..\..\GLA03\GLA03-Sutham-445868\GLA03-Sutham-445868.csproj", "{DEDB2E9A-DEBE-4BFD-BCA3-1BAA3284AEDA}"
EndProject
Project("{9A19103F-16F7-4668-BE54-9A1E7A4F7556}") = "Assignment_02", "..\..\Assignment02\Assignment_02_Starter\Assignment_02\Assignment_02.csproj", "{C69AE584-BC7D-4A4F-9616-A140158FFAA4}"
EndProject
Project("{9A19103F-16F7-4668-BE54-9A1E7A4F7556}") = "EmployeeTest", "..\..\Assignment02\Assignment_02_Starter\EmployeeTest\EmployeeTest.csproj", "{C7436E2B-9D9A-4288-A674-F4AB16AFB845}"
EndProject
Project("{FAE04EC0-301F-11D3-BF4B-00C04F79EFBC}") = "quizquest", "..\..\Quiz\quizquest\quizquest.csproj", "{2AD084F7-6C9D-40BE-9C57-8C5AA837491B}"
EndProject
Global
	GlobalSection(SolutionConfigurationPlatforms) = preSolution
		Debug|Any CPU = Debug|Any CPU
		Release|Any CPU = Release|Any CPU
	EndGlobalSection
	GlobalSection(ProjectConfigurationPlatforms) = postSolution
		{A8F8A4D3-A0AD-409D-A365-1166E737EC65}.Debug|Any CPU.ActiveCfg = Debug|Any CPU
		{A8F8A4D3-A0AD-409D-A365-1166E737EC65}.Debug|Any CPU.Build.0 = Debug|Any CPU
		{A8F8A4D3-A0AD-409D-A365-1166E737EC65}.Release|Any CPU.ActiveCfg = Release|Any CPU
		{A8F8A4D3-A0AD-409D-A365-1166E737EC65}.Release|Any CPU.Build.0 = Release|Any CPU
		{40762977-893C-49E9-AAC2-ADE584C39E0F}.Debug|Any CPU.ActiveCfg = Debug|Any CPU
		{40762977-893C-49E9-AAC2-ADE584C39E0F}.Debug|Any CPU.Build.0 = Debug|Any CPU
		{40762977-893C-49E9-AAC2-ADE584C39E0F}.Release|Any CPU.ActiveCfg = Release|Any CPU
		{40762977-893C-49E9-AAC2-ADE584C39E0F}.Release|Any CPU.Build.0 = Release|Any CPU
		{E47F6F8E-9190-4863-BA1A-87AE243FC34F}.Debug|Any CPU.ActiveCfg = Debug|Any CPU
		{E47F6F8E-9190-4863-BA1A-87AE243FC34F}.Debug|Any CPU.Build.0 = Debug|Any CPU
		{E47F6F8E-9190-4863-BA1A-87AE243FC34F}.Release|Any CPU.ActiveCfg = Release|Any CPU
		{E47F6F8E-9190-4863-BA1A-87AE243FC34F}.Release|Any CPU.Build.0 = Release|Any CPU
		{9B343CA4-46E1-4205-8C26-5D301CA449AA}.Debug|Any CPU.ActiveCfg = Debug|Any CPU
		{9B343CA4-46E1-4205-8C26-5D301CA449AA}.Debug|Any CPU.Build.0 = Debug|Any CPU
		{9B343CA4-46E1-4205-8C26-5D301CA449AA}.Release|Any CPU.ActiveCfg = Release|Any CPU
		{9B343CA4-46E1-4205-8C26-5D301CA449AA}.Release|Any CPU.Build.0 = Release|Any CPU
		{BD233F0C-B599-4C2B-AF6B-BF5A189C147E}.Debug|Any CPU.ActiveCfg = Debug|Any CPU
		{BD233F0C-B599-4C2B-AF6B-BF5A189C147E}.Debug|Any CPU.Build.0 = Debug|Any CPU
		{BD233F0C-B599-4C2B-AF6B-BF5A189C147E}.Release|Any CPU.ActiveCfg = Release|Any CPU
		{BD233F0C-B599-4C2B-AF6B-BF5A189C147E}.Release|Any CPU.Build.0 = Release|Any CPU
		{48B8A2E8-2FDA-4D17-951C-66C9272F76F9}.Debug|Any CPU.ActiveCfg = Debug|Any CPU
		{48B8A2E8-2FDA-4D17-951C-66C9272F76F9}.Debug|Any CPU.Build.0 = Debug|Any CPU
		{48B8A2E8-2FDA-4D17-951C-66C9272F76F9}.Release|Any CPU.ActiveCfg = Release|Any CPU
		{48B8A2E8-2FDA-4D17-951C-66C9272F76F9}.Release|Any CPU.Build.0 = Release|Any CPU
		{DEDB2E9A-DEBE-4BFD-BCA3-1BAA3284AEDA}.Debug|Any CPU.ActiveCfg = Debug|Any CPU
		{DEDB2E9A-DEBE-4BFD-BCA3-1BAA3284AEDA}.Debug|Any CPU.Build.0 = Debug|Any CPU
		{DEDB2E9A-DEBE-4BFD-BCA3-1BAA3284AEDA}.Release|Any CPU.ActiveCfg = Release|Any CPU
		{DEDB2E9A-DEBE-4BFD-BCA3-1BAA3284AEDA}.Release|Any CPU.Build.0 = Release|Any CPU
		{C69AE584-BC7D-4A4F-9616-A140158FFAA4}.Debug|Any CPU.ActiveCfg = Debug|Any CPU
		{C69AE584-BC7D-4A4F-9616-A140158FFAA4}.Debug|Any CPU.Build.0 = Debug|Any CPU
		{C69AE584-BC7D-4A4F-9616-A140158FFAA4}.Release|Any CPU.ActiveCfg = Release|Any CPU
		{C69AE584-BC7D-4A4F-9616-A140158FFAA4}.Release|Any CPU.Build.0 = Release|Any CPU
		{C7436E2B-9D9A-4288-A674-F4AB16AFB845}.Debug|Any CPU.ActiveCfg = Debug|Any CPU
		{C7436E2B-9D9A-4288-A674-F4AB16AFB845}.Debug|Any CPU.Build.0 = Debug|Any CPU
		{C7436E2B-9D9A-4288-A674-F4AB16AFB845}.Release|Any CPU.ActiveCfg = Release|Any CPU
		{C7436E2B-9D9A-4288-A674-F4AB16AFB845}.Release|Any CPU.Build.0 = Release|Any CPU
		{2AD084F7-6C9D-40BE-9C57-8C5AA837491B}.Debug|Any CPU.ActiveCfg = Debug|Any CPU
		{2AD084F7-6C9D-40BE-9C57-8C5AA837491B}.Debug|Any CPU.Build.0 = Debug|Any CPU
		{2AD084F7-6C9D-40BE-9C57-8C5AA837491B}.Release|Any CPU.ActiveCfg = Release|Any CPU
		{2AD084F7-6C9D-40BE-9C57-8C5AA837491B}.Release|Any CPU.Build.0 = Release|Any CPU
	EndGlobalSection
	GlobalSection(SolutionProperties) = preSolution
		HideSolutionNode = FALSE
	EndGlobalSection
	GlobalSection(ExtensibilityGlobals) = postSolution
		SolutionGuid = {A8421BC1-8874-4DCE-BB58-1EAB563C1574}
	EndGlobalSection
EndGlobal
